
Microsoft Visual Studio Solution File, Format Version 12.00
# Visual Studio 2013
VisualStudioVersion = 12.0.31101.0
MinimumVisualStudioVersion = 10.0.40219.1
Project("{FAE04EC0-301F-11D3-BF4B-00C04F79EFBC}") = "Shiraki.Dr-Sox", "Shiraki.Dr-Sox\Shiraki.Dr-Sox.csproj", "{79C1A1B2-D2A3-462A-A212-C3B690A3B45D}"
EndProject
Project("{FAE04EC0-301F-11D3-BF4B-00C04F79EFBC}") = "Shiraki.Dr-Sox.Biz", "Shiraki.Dr-Sox.Biz\Shiraki.Dr-Sox.Biz.csproj", "{A68ADF04-E263-45F6-970C-0D7831305FE8}"
EndProject
Global
	GlobalSection(SolutionConfigurationPlatforms) = preSolution
		Debug|Any CPU = Debug|Any CPU
		Release|Any CPU = Release|Any CPU
	EndGlobalSection
	GlobalSection(ProjectConfigurationPlatforms) = postSolution
		{79C1A1B2-D2A3-462A-A212-C3B690A3B45D}.Debug|Any CPU.ActiveCfg = Debug|Any CPU
		{79C1A1B2-D2A3-462A-A212-C3B690A3B45D}.Debug|Any CPU.Build.0 = Debug|Any CPU
		{79C1A1B2-D2A3-462A-A212-C3B690A3B45D}.Release|Any CPU.ActiveCfg = Release|Any CPU
		{79C1A1B2-D2A3-462A-A212-C3B690A3B45D}.Release|Any CPU.Build.0 = Release|Any CPU
		{A68ADF04-E263-45F6-970C-0D7831305FE8}.Debug|Any CPU.ActiveCfg = Debug|Any CPU
		{A68ADF04-E263-45F6-970C-0D7831305FE8}.Debug|Any CPU.Build.0 = Debug|Any CPU
		{A68ADF04-E263-45F6-970C-0D7831305FE8}.Release|Any CPU.ActiveCfg = Release|Any CPU
		{A68ADF04-E263-45F6-970C-0D7831305FE8}.Release|Any CPU.Build.0 = Release|Any CPU
	EndGlobalSection
	GlobalSection(SolutionProperties) = preSolution
		HideSolutionNode = FALSE
	EndGlobalSection
EndGlobal
